
Microsoft Visual Studio Solution File, Format Version 12.00
# Visual Studio Version 16
VisualStudioVersion = 16.0.30907.101
MinimumVisualStudioVersion = 10.0.40219.1
Project("{FAE04EC0-301F-11D3-BF4B-00C04F79EFBC}") = "Conversor de unidades", "Conversor de unidades\Conversor de unidades.csproj", "{42996547-291D-42CC-9354-C204FCD09CE3}"
EndProject
Global
	GlobalSection(SolutionConfigurationPlatforms) = preSolution
		Debug|Any CPU = Debug|Any CPU
		Release|Any CPU = Release|Any CPU
	EndGlobalSection
	GlobalSection(ProjectConfigurationPlatforms) = postSolution
		{42996547-291D-42CC-9354-C204FCD09CE3}.Debug|Any CPU.ActiveCfg = Debug|Any CPU
		{42996547-291D-42CC-9354-C204FCD09CE3}.Debug|Any CPU.Build.0 = Debug|Any CPU
		{42996547-291D-42CC-9354-C204FCD09CE3}.Release|Any CPU.ActiveCfg = Release|Any CPU
		{42996547-291D-42CC-9354-C204FCD09CE3}.Release|Any CPU.Build.0 = Release|Any CPU
	EndGlobalSection
	GlobalSection(SolutionProperties) = preSolution
		HideSolutionNode = FALSE
	EndGlobalSection
	GlobalSection(ExtensibilityGlobals) = postSolution
		SolutionGuid = {6A036FDB-86D6-491B-8E63-B10D435D1159}
	EndGlobalSection
EndGlobal
