
Microsoft Visual Studio Solution File, Format Version 12.00
# Visual Studio Version 16
VisualStudioVersion = 16.0.30907.101
MinimumVisualStudioVersion = 10.0.40219.1
Project("{FAE04EC0-301F-11D3-BF4B-00C04F79EFBC}") = "Estudiantes", "Estudiantes\Estudiantes.csproj", "{1E9F16D9-733C-4385-82A6-13CD3B700AC3}"
EndProject
Project("{FAE04EC0-301F-11D3-BF4B-00C04F79EFBC}") = "Data", "Data\Data.csproj", "{6B7B36A2-703E-47CB-8DCE-25E89733A2BF}"
EndProject
Project("{FAE04EC0-301F-11D3-BF4B-00C04F79EFBC}") = "Logica", "Logica\Logica.csproj", "{7820FDBC-4837-4BEA-BAD3-E7476D9990EA}"
EndProject
Global
	GlobalSection(SolutionConfigurationPlatforms) = preSolution
		Debug|Any CPU = Debug|Any CPU
		Release|Any CPU = Release|Any CPU
	EndGlobalSection
	GlobalSection(ProjectConfigurationPlatforms) = postSolution
		{1E9F16D9-733C-4385-82A6-13CD3B700AC3}.Debug|Any CPU.ActiveCfg = Debug|Any CPU
		{1E9F16D9-733C-4385-82A6-13CD3B700AC3}.Debug|Any CPU.Build.0 = Debug|Any CPU
		{1E9F16D9-733C-4385-82A6-13CD3B700AC3}.Release|Any CPU.ActiveCfg = Release|Any CPU
		{1E9F16D9-733C-4385-82A6-13CD3B700AC3}.Release|Any CPU.Build.0 = Release|Any CPU
		{6B7B36A2-703E-47CB-8DCE-25E89733A2BF}.Debug|Any CPU.ActiveCfg = Debug|Any CPU
		{6B7B36A2-703E-47CB-8DCE-25E89733A2BF}.Debug|Any CPU.Build.0 = Debug|Any CPU
		{6B7B36A2-703E-47CB-8DCE-25E89733A2BF}.Release|Any CPU.ActiveCfg = Release|Any CPU
		{6B7B36A2-703E-47CB-8DCE-25E89733A2BF}.Release|Any CPU.Build.0 = Release|Any CPU
		{7820FDBC-4837-4BEA-BAD3-E7476D9990EA}.Debug|Any CPU.ActiveCfg = Debug|Any CPU
		{7820FDBC-4837-4BEA-BAD3-E7476D9990EA}.Debug|Any CPU.Build.0 = Debug|Any CPU
		{7820FDBC-4837-4BEA-BAD3-E7476D9990EA}.Release|Any CPU.ActiveCfg = Release|Any CPU
		{7820FDBC-4837-4BEA-BAD3-E7476D9990EA}.Release|Any CPU.Build.0 = Release|Any CPU
	EndGlobalSection
	GlobalSection(SolutionProperties) = preSolution
		HideSolutionNode = FALSE
	EndGlobalSection
	GlobalSection(ExtensibilityGlobals) = postSolution
		SolutionGuid = {3C4C2A35-C5B3-46D9-87C4-8CA2AFD5CE7C}
	EndGlobalSection
EndGlobal
